
Microsoft Visual Studio Solution File, Format Version 12.00
# Visual Studio Version 16
VisualStudioVersion = 16.0.30907.101
MinimumVisualStudioVersion = 10.0.40219.1
Project("{FAE04EC0-301F-11D3-BF4B-00C04F79EFBC}") = "MyDictionary", "MyDictionary\MyDictionary.csproj", "{46009B5F-1743-44B8-81D0-CAAFD7E5D303}"
EndProject
Global
	GlobalSection(SolutionConfigurationPlatforms) = preSolution
		Debug|Any CPU = Debug|Any CPU
		Release|Any CPU = Release|Any CPU
	EndGlobalSection
	GlobalSection(ProjectConfigurationPlatforms) = postSolution
		{46009B5F-1743-44B8-81D0-CAAFD7E5D303}.Debug|Any CPU.ActiveCfg = Debug|Any CPU
		{46009B5F-1743-44B8-81D0-CAAFD7E5D303}.Debug|Any CPU.Build.0 = Debug|Any CPU
		{46009B5F-1743-44B8-81D0-CAAFD7E5D303}.Release|Any CPU.ActiveCfg = Release|Any CPU
		{46009B5F-1743-44B8-81D0-CAAFD7E5D303}.Release|Any CPU.Build.0 = Release|Any CPU
	EndGlobalSection
	GlobalSection(SolutionProperties) = preSolution
		HideSolutionNode = FALSE
	EndGlobalSection
	GlobalSection(ExtensibilityGlobals) = postSolution
		SolutionGuid = {37D3DA01-4033-4B5B-BB6C-95CEA35F4B8E}
	EndGlobalSection
EndGlobal
